
Microsoft Visual Studio Solution File, Format Version 12.00
Project("{FAE04EC0-301F-11D3-BF4B-00C04F79EFBC}") = "PrTest2", "PrTest2\PrTest2.csproj", "{EE42E98C-27A1-4552-8CE7-F20FBB4159BC}"
EndProject
Global
	GlobalSection(SolutionConfigurationPlatforms) = preSolution
		Debug|Any CPU = Debug|Any CPU
		Release|Any CPU = Release|Any CPU
	EndGlobalSection
	GlobalSection(ProjectConfigurationPlatforms) = postSolution
		{EE42E98C-27A1-4552-8CE7-F20FBB4159BC}.Debug|Any CPU.ActiveCfg = Debug|Any CPU
		{EE42E98C-27A1-4552-8CE7-F20FBB4159BC}.Debug|Any CPU.Build.0 = Debug|Any CPU
		{EE42E98C-27A1-4552-8CE7-F20FBB4159BC}.Release|Any CPU.ActiveCfg = Release|Any CPU
		{EE42E98C-27A1-4552-8CE7-F20FBB4159BC}.Release|Any CPU.Build.0 = Release|Any CPU
	EndGlobalSection
EndGlobal
